
Microsoft Visual Studio Solution File, Format Version 12.00
# Visual Studio Version 17
VisualStudioVersion = 17.9.34728.123
MinimumVisualStudioVersion = 10.0.40219.1
Project("{9A19103F-16F7-4668-BE54-9A1E7A4F7556}") = "EventSeller", "EventSeller.csproj", "{18220657-BABD-437A-A417-C3D4DED94ED0}"
	ProjectSection(ProjectDependencies) = postProject
		{2F6A42CD-6506-4682-A048-98DDDBEC8ABD} = {2F6A42CD-6506-4682-A048-98DDDBEC8ABD}
	EndProjectSection
EndProject
Project("{9A19103F-16F7-4668-BE54-9A1E7A4F7556}") = "EventSeller.DataLayer", "..\EventSeller.DataLayer\EventSeller.DataLayer.csproj", "{6957DE91-DA76-4A48-B6F1-AB5C59412F49}"
EndProject
Project("{9A19103F-16F7-4668-BE54-9A1E7A4F7556}") = "EventSeller.Services", "..\EventSeller.Services\EventSeller.Services.csproj", "{2F6A42CD-6506-4682-A048-98DDDBEC8ABD}"
EndProject
Project("{9A19103F-16F7-4668-BE54-9A1E7A4F7556}") = "PaymentSystem", "..\PaymentSystem\PaymentSystem.csproj", "{0A0692C6-2461-4DA6-9A8C-72BFF63E65D9}"
EndProject
Project("{9A19103F-16F7-4668-BE54-9A1E7A4F7556}") = "PaymentSystem.DataLayer", "..\PaymentSystem\PaymentSystem.DataLayer\PaymentSystem.DataLayer.csproj", "{C2A8DE1E-DD92-423B-8E10-9A4D103A7A23}"
EndProject
Project("{9A19103F-16F7-4668-BE54-9A1E7A4F7556}") = "PaymentSystem.Services", "..\PaymentSystem\PaymentSystem.Services\PaymentSystem.Services.csproj", "{06AEE56C-DD29-42A7-AB2D-535D94C07C20}"
EndProject
Project("{FAE04EC0-301F-11D3-BF4B-00C04F79EFBC}") = "PaymentSystem.UnitTest", "..\PaymentSystem\PaymentSystem.UnitTest\PaymentSystem.UnitTest.csproj", "{2D701936-18F6-4228-99CD-C6816ACEC1C8}"
EndProject
Global
	GlobalSection(SolutionConfigurationPlatforms) = preSolution
		Debug|Any CPU = Debug|Any CPU
		Release|Any CPU = Release|Any CPU
	EndGlobalSection
	GlobalSection(ProjectConfigurationPlatforms) = postSolution
		{18220657-BABD-437A-A417-C3D4DED94ED0}.Debug|Any CPU.ActiveCfg = Debug|Any CPU
		{18220657-BABD-437A-A417-C3D4DED94ED0}.Debug|Any CPU.Build.0 = Debug|Any CPU
		{18220657-BABD-437A-A417-C3D4DED94ED0}.Release|Any CPU.ActiveCfg = Release|Any CPU
		{18220657-BABD-437A-A417-C3D4DED94ED0}.Release|Any CPU.Build.0 = Release|Any CPU
		{6957DE91-DA76-4A48-B6F1-AB5C59412F49}.Debug|Any CPU.ActiveCfg = Debug|Any CPU
		{6957DE91-DA76-4A48-B6F1-AB5C59412F49}.Debug|Any CPU.Build.0 = Debug|Any CPU
		{6957DE91-DA76-4A48-B6F1-AB5C59412F49}.Release|Any CPU.ActiveCfg = Release|Any CPU
		{6957DE91-DA76-4A48-B6F1-AB5C59412F49}.Release|Any CPU.Build.0 = Release|Any CPU
		{2F6A42CD-6506-4682-A048-98DDDBEC8ABD}.Debug|Any CPU.ActiveCfg = Debug|Any CPU
		{2F6A42CD-6506-4682-A048-98DDDBEC8ABD}.Debug|Any CPU.Build.0 = Debug|Any CPU
		{2F6A42CD-6506-4682-A048-98DDDBEC8ABD}.Release|Any CPU.ActiveCfg = Release|Any CPU
		{2F6A42CD-6506-4682-A048-98DDDBEC8ABD}.Release|Any CPU.Build.0 = Release|Any CPU
		{0A0692C6-2461-4DA6-9A8C-72BFF63E65D9}.Debug|Any CPU.ActiveCfg = Debug|Any CPU
		{0A0692C6-2461-4DA6-9A8C-72BFF63E65D9}.Debug|Any CPU.Build.0 = Debug|Any CPU
		{0A0692C6-2461-4DA6-9A8C-72BFF63E65D9}.Release|Any CPU.ActiveCfg = Release|Any CPU
		{0A0692C6-2461-4DA6-9A8C-72BFF63E65D9}.Release|Any CPU.Build.0 = Release|Any CPU
		{C2A8DE1E-DD92-423B-8E10-9A4D103A7A23}.Debug|Any CPU.ActiveCfg = Debug|Any CPU
		{C2A8DE1E-DD92-423B-8E10-9A4D103A7A23}.Debug|Any CPU.Build.0 = Debug|Any CPU
		{C2A8DE1E-DD92-423B-8E10-9A4D103A7A23}.Release|Any CPU.ActiveCfg = Release|Any CPU
		{C2A8DE1E-DD92-423B-8E10-9A4D103A7A23}.Release|Any CPU.Build.0 = Release|Any CPU
		{06AEE56C-DD29-42A7-AB2D-535D94C07C20}.Debug|Any CPU.ActiveCfg = Debug|Any CPU
		{06AEE56C-DD29-42A7-AB2D-535D94C07C20}.Debug|Any CPU.Build.0 = Debug|Any CPU
		{06AEE56C-DD29-42A7-AB2D-535D94C07C20}.Release|Any CPU.ActiveCfg = Release|Any CPU
		{06AEE56C-DD29-42A7-AB2D-535D94C07C20}.Release|Any CPU.Build.0 = Release|Any CPU
		{2D701936-18F6-4228-99CD-C6816ACEC1C8}.Debug|Any CPU.ActiveCfg = Debug|Any CPU
		{2D701936-18F6-4228-99CD-C6816ACEC1C8}.Debug|Any CPU.Build.0 = Debug|Any CPU
		{2D701936-18F6-4228-99CD-C6816ACEC1C8}.Release|Any CPU.ActiveCfg = Release|Any CPU
		{2D701936-18F6-4228-99CD-C6816ACEC1C8}.Release|Any CPU.Build.0 = Release|Any CPU
	EndGlobalSection
	GlobalSection(SolutionProperties) = preSolution
		HideSolutionNode = FALSE
	EndGlobalSection
	GlobalSection(ExtensibilityGlobals) = postSolution
		SolutionGuid = {A0BC38AA-6874-4C84-851D-13F5FC6A2D3D}
	EndGlobalSection
EndGlobal
