
Microsoft Visual Studio Solution File, Format Version 12.00
# Visual Studio Version 17
VisualStudioVersion = 17.9.34728.123
MinimumVisualStudioVersion = 10.0.40219.1
Project("{9A19103F-16F7-4668-BE54-9A1E7A4F7556}") = "EventSeller", "EventSeller.csproj", "{18220657-BABD-437A-A417-C3D4DED94ED0}"
	ProjectSection(ProjectDependencies) = postProject
		{2F6A42CD-6506-4682-A048-98DDDBEC8ABD} = {2F6A42CD-6506-4682-A048-98DDDBEC8ABD}
	EndProjectSection
EndProject
Project("{9A19103F-16F7-4668-BE54-9A1E7A4F7556}") = "EventSeller.DataLayer", "..\EventSeller.DataLayer\EventSeller.DataLayer.csproj", "{6957DE91-DA76-4A48-B6F1-AB5C59412F49}"
EndProject
Project("{9A19103F-16F7-4668-BE54-9A1E7A4F7556}") = "EventSeller.Services", "..\EventSeller.Services\EventSeller.Services.csproj", "{2F6A42CD-6506-4682-A048-98DDDBEC8ABD}"
EndProject
Global
	GlobalSection(SolutionConfigurationPlatforms) = preSolution
		Debug|Any CPU = Debug|Any CPU
		Release|Any CPU = Release|Any CPU
	EndGlobalSection
	GlobalSection(ProjectConfigurationPlatforms) = postSolution
		{18220657-BABD-437A-A417-C3D4DED94ED0}.Debug|Any CPU.ActiveCfg = Debug|Any CPU
		{18220657-BABD-437A-A417-C3D4DED94ED0}.Debug|Any CPU.Build.0 = Debug|Any CPU
		{18220657-BABD-437A-A417-C3D4DED94ED0}.Release|Any CPU.ActiveCfg = Release|Any CPU
		{18220657-BABD-437A-A417-C3D4DED94ED0}.Release|Any CPU.Build.0 = Release|Any CPU
		{6957DE91-DA76-4A48-B6F1-AB5C59412F49}.Debug|Any CPU.ActiveCfg = Debug|Any CPU
		{6957DE91-DA76-4A48-B6F1-AB5C59412F49}.Debug|Any CPU.Build.0 = Debug|Any CPU
		{6957DE91-DA76-4A48-B6F1-AB5C59412F49}.Release|Any CPU.ActiveCfg = Release|Any CPU
		{6957DE91-DA76-4A48-B6F1-AB5C59412F49}.Release|Any CPU.Build.0 = Release|Any CPU
		{2F6A42CD-6506-4682-A048-98DDDBEC8ABD}.Debug|Any CPU.ActiveCfg = Debug|Any CPU
		{2F6A42CD-6506-4682-A048-98DDDBEC8ABD}.Debug|Any CPU.Build.0 = Debug|Any CPU
		{2F6A42CD-6506-4682-A048-98DDDBEC8ABD}.Release|Any CPU.ActiveCfg = Release|Any CPU
		{2F6A42CD-6506-4682-A048-98DDDBEC8ABD}.Release|Any CPU.Build.0 = Release|Any CPU
	EndGlobalSection
	GlobalSection(SolutionProperties) = preSolution
		HideSolutionNode = FALSE
	EndGlobalSection
	GlobalSection(ExtensibilityGlobals) = postSolution
		SolutionGuid = {A0BC38AA-6874-4C84-851D-13F5FC6A2D3D}
	EndGlobalSection
EndGlobal
