
Microsoft Visual Studio Solution File, Format Version 12.00
# Visual Studio Version 17
VisualStudioVersion = 17.9.34728.123
MinimumVisualStudioVersion = 10.0.40219.1
Project("{9A19103F-16F7-4668-BE54-9A1E7A4F7556}") = "EventSeller", "EventSeller.csproj", "{18220657-BABD-437A-A417-C3D4DED94ED0}"
	ProjectSection(ProjectDependencies) = postProject
		{CB1D03F5-39C1-4DBB-B70D-27E9823C68C1} = {CB1D03F5-39C1-4DBB-B70D-27E9823C68C1}
	EndProjectSection
EndProject
Project("{9A19103F-16F7-4668-BE54-9A1E7A4F7556}") = "EventSeller.DataLayer", "..\EventSeller.DataLayer\EventSeller.DataLayer.csproj", "{2AA4F240-0CCA-4A62-8979-AF5FBFABEF2D}"
EndProject
Project("{9A19103F-16F7-4668-BE54-9A1E7A4F7556}") = "EventSeller.Services", "..\EventSeller.Services\EventSeller.Services.csproj", "{CB1D03F5-39C1-4DBB-B70D-27E9823C68C1}"
	ProjectSection(ProjectDependencies) = postProject
		{2AA4F240-0CCA-4A62-8979-AF5FBFABEF2D} = {2AA4F240-0CCA-4A62-8979-AF5FBFABEF2D}
	EndProjectSection
EndProject
Global
	GlobalSection(SolutionConfigurationPlatforms) = preSolution
		Debug|Any CPU = Debug|Any CPU
		Release|Any CPU = Release|Any CPU
	EndGlobalSection
	GlobalSection(ProjectConfigurationPlatforms) = postSolution
		{18220657-BABD-437A-A417-C3D4DED94ED0}.Debug|Any CPU.ActiveCfg = Debug|Any CPU
		{18220657-BABD-437A-A417-C3D4DED94ED0}.Debug|Any CPU.Build.0 = Debug|Any CPU
		{18220657-BABD-437A-A417-C3D4DED94ED0}.Release|Any CPU.ActiveCfg = Release|Any CPU
		{18220657-BABD-437A-A417-C3D4DED94ED0}.Release|Any CPU.Build.0 = Release|Any CPU
		{2AA4F240-0CCA-4A62-8979-AF5FBFABEF2D}.Debug|Any CPU.ActiveCfg = Debug|Any CPU
		{2AA4F240-0CCA-4A62-8979-AF5FBFABEF2D}.Debug|Any CPU.Build.0 = Debug|Any CPU
		{2AA4F240-0CCA-4A62-8979-AF5FBFABEF2D}.Release|Any CPU.ActiveCfg = Release|Any CPU
		{2AA4F240-0CCA-4A62-8979-AF5FBFABEF2D}.Release|Any CPU.Build.0 = Release|Any CPU
		{CB1D03F5-39C1-4DBB-B70D-27E9823C68C1}.Debug|Any CPU.ActiveCfg = Debug|Any CPU
		{CB1D03F5-39C1-4DBB-B70D-27E9823C68C1}.Debug|Any CPU.Build.0 = Debug|Any CPU
		{CB1D03F5-39C1-4DBB-B70D-27E9823C68C1}.Release|Any CPU.ActiveCfg = Release|Any CPU
		{CB1D03F5-39C1-4DBB-B70D-27E9823C68C1}.Release|Any CPU.Build.0 = Release|Any CPU
	EndGlobalSection
	GlobalSection(SolutionProperties) = preSolution
		HideSolutionNode = FALSE
	EndGlobalSection
	GlobalSection(ExtensibilityGlobals) = postSolution
		SolutionGuid = {A0BC38AA-6874-4C84-851D-13F5FC6A2D3D}
	EndGlobalSection
EndGlobal
